
Microsoft Visual Studio Solution File, Format Version 12.00
# Visual Studio Version 16
VisualStudioVersion = 16.0.31911.196
MinimumVisualStudioVersion = 10.0.40219.1
Project("{9A19103F-16F7-4668-BE54-9A1E7A4F7556}") = "Web-Odevi", "Web-Odevi\Web-Odevi.csproj", "{9F4F79F3-97AF-41B9-A7DB-A39B3C33A830}"
EndProject
Project("{FAE04EC0-301F-11D3-BF4B-00C04F79EFBC}") = "EntityLayer", "EntityLayer\EntityLayer.csproj", "{0DF4BAC9-D304-4C11-9579-9A475DAB8705}"
EndProject
Project("{FAE04EC0-301F-11D3-BF4B-00C04F79EFBC}") = "DataAccessLayer", "DataAccessLayer\DataAccessLayer.csproj", "{503C6294-29E3-4E8B-B12D-34A53C7576B5}"
EndProject
Project("{FAE04EC0-301F-11D3-BF4B-00C04F79EFBC}") = "BusinessLayer", "BusinessLayer\BusinessLayer.csproj", "{B3961D3A-21E7-4F4E-BBBD-983C31421063}"
EndProject
Project("{FAE04EC0-301F-11D3-BF4B-00C04F79EFBC}") = "CoreLayer", "CoreLayer\CoreLayer.csproj", "{8ECB86F0-5D4F-472E-A382-ABCD1FD58AFE}"
EndProject
Global
	GlobalSection(SolutionConfigurationPlatforms) = preSolution
		Debug|Any CPU = Debug|Any CPU
		Release|Any CPU = Release|Any CPU
	EndGlobalSection
	GlobalSection(ProjectConfigurationPlatforms) = postSolution
		{9F4F79F3-97AF-41B9-A7DB-A39B3C33A830}.Debug|Any CPU.ActiveCfg = Debug|Any CPU
		{9F4F79F3-97AF-41B9-A7DB-A39B3C33A830}.Debug|Any CPU.Build.0 = Debug|Any CPU
		{9F4F79F3-97AF-41B9-A7DB-A39B3C33A830}.Release|Any CPU.ActiveCfg = Release|Any CPU
		{9F4F79F3-97AF-41B9-A7DB-A39B3C33A830}.Release|Any CPU.Build.0 = Release|Any CPU
		{0DF4BAC9-D304-4C11-9579-9A475DAB8705}.Debug|Any CPU.ActiveCfg = Debug|Any CPU
		{0DF4BAC9-D304-4C11-9579-9A475DAB8705}.Debug|Any CPU.Build.0 = Debug|Any CPU
		{0DF4BAC9-D304-4C11-9579-9A475DAB8705}.Release|Any CPU.ActiveCfg = Release|Any CPU
		{0DF4BAC9-D304-4C11-9579-9A475DAB8705}.Release|Any CPU.Build.0 = Release|Any CPU
		{503C6294-29E3-4E8B-B12D-34A53C7576B5}.Debug|Any CPU.ActiveCfg = Debug|Any CPU
		{503C6294-29E3-4E8B-B12D-34A53C7576B5}.Debug|Any CPU.Build.0 = Debug|Any CPU
		{503C6294-29E3-4E8B-B12D-34A53C7576B5}.Release|Any CPU.ActiveCfg = Release|Any CPU
		{503C6294-29E3-4E8B-B12D-34A53C7576B5}.Release|Any CPU.Build.0 = Release|Any CPU
		{B3961D3A-21E7-4F4E-BBBD-983C31421063}.Debug|Any CPU.ActiveCfg = Debug|Any CPU
		{B3961D3A-21E7-4F4E-BBBD-983C31421063}.Debug|Any CPU.Build.0 = Debug|Any CPU
		{B3961D3A-21E7-4F4E-BBBD-983C31421063}.Release|Any CPU.ActiveCfg = Release|Any CPU
		{B3961D3A-21E7-4F4E-BBBD-983C31421063}.Release|Any CPU.Build.0 = Release|Any CPU
		{8ECB86F0-5D4F-472E-A382-ABCD1FD58AFE}.Debug|Any CPU.ActiveCfg = Debug|Any CPU
		{8ECB86F0-5D4F-472E-A382-ABCD1FD58AFE}.Debug|Any CPU.Build.0 = Debug|Any CPU
		{8ECB86F0-5D4F-472E-A382-ABCD1FD58AFE}.Release|Any CPU.ActiveCfg = Release|Any CPU
		{8ECB86F0-5D4F-472E-A382-ABCD1FD58AFE}.Release|Any CPU.Build.0 = Release|Any CPU
	EndGlobalSection
	GlobalSection(SolutionProperties) = preSolution
		HideSolutionNode = FALSE
	EndGlobalSection
	GlobalSection(ExtensibilityGlobals) = postSolution
		SolutionGuid = {019F6D40-949D-4829-B30F-0A1B5763A9A0}
	EndGlobalSection
EndGlobal
